
Microsoft Visual Studio Solution File, Format Version 12.00
# Visual Studio 15
VisualStudioVersion = 15.0.28010.2026
MinimumVisualStudioVersion = 10.0.40219.1
Project("{FAE04EC0-301F-11D3-BF4B-00C04F79EFBC}") = "greenlit", "greenlit\greenlit.csproj", "{4E425D28-8B20-45D1-8CC5-91AEA3CA2F1E}"
EndProject
Global
	GlobalSection(SolutionConfigurationPlatforms) = preSolution
		Debug|Any CPU = Debug|Any CPU
		Release|Any CPU = Release|Any CPU
	EndGlobalSection
	GlobalSection(ProjectConfigurationPlatforms) = postSolution
		{4E425D28-8B20-45D1-8CC5-91AEA3CA2F1E}.Debug|Any CPU.ActiveCfg = Debug|Any CPU
		{4E425D28-8B20-45D1-8CC5-91AEA3CA2F1E}.Debug|Any CPU.Build.0 = Debug|Any CPU
		{4E425D28-8B20-45D1-8CC5-91AEA3CA2F1E}.Release|Any CPU.ActiveCfg = Release|Any CPU
		{4E425D28-8B20-45D1-8CC5-91AEA3CA2F1E}.Release|Any CPU.Build.0 = Release|Any CPU
	EndGlobalSection
	GlobalSection(SolutionProperties) = preSolution
		HideSolutionNode = FALSE
	EndGlobalSection
	GlobalSection(ExtensibilityGlobals) = postSolution
		SolutionGuid = {8E9B409F-7A41-40C2-B540-F86C59055096}
	EndGlobalSection
EndGlobal
